
Microsoft Visual Studio Solution File, Format Version 12.00
# Visual Studio Version 16
VisualStudioVersion = 16.0.30114.105
MinimumVisualStudioVersion = 10.0.40219.1
Project("{FAE04EC0-301F-11D3-BF4B-00C04F79EFBC}") = "api-mongodb", "api-mongodb\api-mongodb.csproj", "{ED13BEE5-B3AE-4873-A76D-7A8B0745350D}"
EndProject
Global
	GlobalSection(SolutionConfigurationPlatforms) = preSolution
		Debug|Any CPU = Debug|Any CPU
		Release|Any CPU = Release|Any CPU
	EndGlobalSection
	GlobalSection(ProjectConfigurationPlatforms) = postSolution
		{ED13BEE5-B3AE-4873-A76D-7A8B0745350D}.Debug|Any CPU.ActiveCfg = Debug|Any CPU
		{ED13BEE5-B3AE-4873-A76D-7A8B0745350D}.Debug|Any CPU.Build.0 = Debug|Any CPU
		{ED13BEE5-B3AE-4873-A76D-7A8B0745350D}.Release|Any CPU.ActiveCfg = Release|Any CPU
		{ED13BEE5-B3AE-4873-A76D-7A8B0745350D}.Release|Any CPU.Build.0 = Release|Any CPU
	EndGlobalSection
	GlobalSection(SolutionProperties) = preSolution
		HideSolutionNode = FALSE
	EndGlobalSection
	GlobalSection(ExtensibilityGlobals) = postSolution
		SolutionGuid = {F50D7D9D-2D3E-47FB-A80C-F3DAC153EF0C}
	EndGlobalSection
EndGlobal
